
Microsoft Visual Studio Solution File, Format Version 12.00
# Visual Studio Version 17
VisualStudioVersion = 17.2.32616.157
MinimumVisualStudioVersion = 10.0.40219.1
Project("{FAE04EC0-301F-11D3-BF4B-00C04F79EFBC}") = "Sorting Arrays Practice", "Sorting Arrays Practice\Sorting Arrays Practice.csproj", "{048698CE-DCC9-42A2-AF22-DD0BD81522BB}"
EndProject
Global
	GlobalSection(SolutionConfigurationPlatforms) = preSolution
		Debug|Any CPU = Debug|Any CPU
		Release|Any CPU = Release|Any CPU
	EndGlobalSection
	GlobalSection(ProjectConfigurationPlatforms) = postSolution
		{048698CE-DCC9-42A2-AF22-DD0BD81522BB}.Debug|Any CPU.ActiveCfg = Debug|Any CPU
		{048698CE-DCC9-42A2-AF22-DD0BD81522BB}.Debug|Any CPU.Build.0 = Debug|Any CPU
		{048698CE-DCC9-42A2-AF22-DD0BD81522BB}.Release|Any CPU.ActiveCfg = Release|Any CPU
		{048698CE-DCC9-42A2-AF22-DD0BD81522BB}.Release|Any CPU.Build.0 = Release|Any CPU
	EndGlobalSection
	GlobalSection(SolutionProperties) = preSolution
		HideSolutionNode = FALSE
	EndGlobalSection
	GlobalSection(ExtensibilityGlobals) = postSolution
		SolutionGuid = {391865F6-5B77-43DC-9C75-9F422B4DFF69}
	EndGlobalSection
EndGlobal
